Microsoft Visual Studio Solution File, Format Version 12.00
# Visual Studio Version 17
VisualStudioVersion = 17.5.2.0
MinimumVisualStudioVersion = 10.0.40219.1
Project("{FAE04EC0-301F-11D3-BF4B-00C04F79EFBC}") = "ProductApi", "ProductApi\ProductApi.csproj", "{E962D6F7-FF83-9B7F-B7BE-F24219127C2F}"
EndProject
Global
	GlobalSection(SolutionConfigurationPlatforms) = preSolution
		Debug|Any CPU = Debug|Any CPU
		Release|Any CPU = Release|Any CPU
	EndGlobalSection
	GlobalSection(ProjectConfigurationPlatforms) = postSolution
		{E962D6F7-FF83-9B7F-B7BE-F24219127C2F}.Debug|Any CPU.ActiveCfg = Debug|Any CPU
		{E962D6F7-FF83-9B7F-B7BE-F24219127C2F}.Debug|Any CPU.Build.0 = Debug|Any CPU
		{E962D6F7-FF83-9B7F-B7BE-F24219127C2F}.Release|Any CPU.ActiveCfg = Release|Any CPU
		{E962D6F7-FF83-9B7F-B7BE-F24219127C2F}.Release|Any CPU.Build.0 = Release|Any CPU
	EndGlobalSection
	GlobalSection(SolutionProperties) = preSolution
		HideSolutionNode = FALSE
	EndGlobalSection
	GlobalSection(ExtensibilityGlobals) = postSolution
		SolutionGuid = {260CCF35-4B49-4F20-BD7D-C771ED2719FC}
	EndGlobalSection
EndGlobal
